{
  "version": 4,
  "terraform_version": "1.14.0",
  "serial": 10,
  "lineage": "981c3975-eece-f631-e9c8-5db0bdefb9bf",
  "outputs": {
    "cluster_info": {
      "value": "\nKubernetes Cluster Deployment Complete!\n\nControl Plane Node: 91.98.117.63 (VM1-masterK8S-Jenkins)\nWorker Node 1: 46.224.57.3 (VM2-worker1-Nexus-Prometheus-Grafana)\nWorker Node 2: 91.99.227.127 (VM3-worker2-SonarQube)\n\nTo get kubeconfig run:\nssh root@91.98.117.63 cat /etc/kubernetes/admin.conf \u003e kubeconfig.yml\n\nTo use kubectl:\nexport KUBECONFIG=./kubeconfig.yml\n\n",
      "type": "string"
    },
    "control_plane_ip": {
      "value": "91.98.117.63",
      "type": "string"
    },
    "kubeconfig_command": {
      "value": "ssh root@91.98.117.63 cat /etc/kubernetes/admin.conf \u003e kubeconfig.yml",
      "type": "string"
    },
    "worker_1_ip": {
      "value": "46.224.57.3",
      "type": "string"
    },
    "worker_2_ip": {
      "value": "91.99.227.127",
      "type": "string"
    }
  },
  "resources": [
    {
      "mode": "data",
      "type": "hcloud_ssh_key",
      "name": "existing_key",
      "provider": "provider[\"registry.terraform.io/hetznercloud/hcloud\"]",
      "instances": [
        {
          "schema_version": 0,
          "attributes": {
            "fingerprint": "db:72:2f:96:f3:b1:93:60:d4:dc:5a:55:1f:be:c4:95",
            "id": 104050473,
            "labels": {},
            "name": "my-study-key",
            "public_key": "ssh-rsa AAAAB3NzaC1yc2EAAAADAQABAAACAQDRczmO4W+PK1oKxGuM6I/FLGTZ/rvPT7pOWNIa+d0ndVDr4bWH49+MElTSu29J+wq57kxMoaFjBJUshDHSnShTwZuNGYbpgZyFnOw8frJOD9AUuMeqkMTVoimY6/A3MeeTl6jJq/bc/K3hcvGVCXAIRK0OsaaREH3HouV9rTFMgkdABiU17htVzg90jZB0VBlsT1vUjFFGGsS2p3OFBksbf+st6hQyS+MUWps+8Ur7QI1TruLo3s1jPxRT0Nm1HjzSgdDncCFEwJTXKxg56PpyeJhqLsRZ4hau/RoXnHwbXctRD7rxnZozJge/0wIpo7eZR336Bkq3sAAe5uomh+FJOmZocBlaQlEsruPEHNBDpgwjRIJIjw6T39FUFOkfUHwgm4oS4gUqou79M4hjHU8tE125cfGri3hCmgVvokYz/sk3H0pIQp9WcgWolZEpgUNyKIOEB8GWhi0L59/HAThMxM3Qw6BY6QYngv5LOaPJQKx1BhzRoXNjdeLPdDZR8s7V5bvjoFKHfRTpFm8nf4OsThKvlRdmdf7pCj0lTtVF77+SmBqwsBRtrGKq7Sc7bTzf8qluq8fzGZUXFbSTLWePxi9gMkV2crSJRhOja76NU9vKSevpMQ4YUSsU3QeyTJ7lsRPytTgwZCAkq6a+NWte+eSg72BGFNPg9ikmE1aAXw==",
            "selector": null,
            "with_selector": null
          },
          "sensitive_attributes": [],
          "identity_schema_version": 0
        }
      ]
    },
    {
      "mode": "managed",
      "type": "hcloud_network",
      "name": "k8s_network",
      "provider": "provider[\"registry.terraform.io/hetznercloud/hcloud\"]",
      "instances": [
        {
          "schema_version": 0,
          "attributes": {
            "delete_protection": false,
            "expose_routes_to_vswitch": false,
            "id": "11672177",
            "ip_range": "10.0.0.0/16",
            "labels": {},
            "name": "k8s-network-20251123-194956"
          },
          "sensitive_attributes": [],
          "identity_schema_version": 0,
          "private": "bnVsbA=="
        }
      ]
    },
    {
      "mode": "managed",
      "type": "hcloud_network_subnet",
      "name": "k8s_subnet",
      "provider": "provider[\"registry.terraform.io/hetznercloud/hcloud\"]",
      "instances": [
        {
          "schema_version": 0,
          "attributes": {
            "gateway": "10.0.0.1",
            "id": "11672177-10.0.1.0/24",
            "ip_range": "10.0.1.0/24",
            "network_id": 11672177,
            "network_zone": "eu-central",
            "type": "server",
            "vswitch_id": null
          },
          "sensitive_attributes": [],
          "identity_schema_version": 0,
          "private": "bnVsbA==",
          "dependencies": [
            "hcloud_network.k8s_network"
          ]
        }
      ]
    },
    {
      "mode": "managed",
      "type": "hcloud_server",
      "name": "control_plane",
      "provider": "provider[\"registry.terraform.io/hetznercloud/hcloud\"]",
      "instances": [
        {
          "schema_version": 0,
          "attributes": {
            "allow_deprecated_images": false,
            "backup_window": "",
            "backups": false,
            "datacenter": "nbg1-dc3",
            "delete_protection": false,
            "firewall_ids": [],
            "id": "113819384",
            "ignore_remote_firewall_ids": false,
            "image": "ubuntu-24.04",
            "ipv4_address": "91.98.117.63",
            "ipv6_address": "2a01:4f8:1c1a:e23d::1",
            "ipv6_network": "2a01:4f8:1c1a:e23d::/64",
            "iso": null,
            "keep_disk": false,
            "labels": {
              "role": "control-plane"
            },
            "location": "nbg1",
            "name": "VM1-masterK8S-Jenkins",
            "network": [
              {
                "alias_ips": [],
                "ip": "10.0.1.10",
                "mac_address": "86:00:00:90:a2:db",
                "network_id": 11672177
              }
            ],
            "placement_group_id": 0,
            "primary_disk_size": 40,
            "public_net": [],
            "rebuild_protection": false,
            "rescue": null,
            "server_type": "cx23",
            "shutdown_before_deletion": false,
            "ssh_keys": [
              "104050473"
            ],
            "status": "running",
            "timeouts": null,
            "user_data": "jqXIhtckdamU4gmZ8nXAIwjyxU8="
          },
          "sensitive_attributes": [],
          "identity_schema_version": 0,
          "private": "eyJlMmJmYjczMC1lY2FhLTExZTYtOGY4OC0zNDM2M2JjN2M0YzAiOnsiY3JlYXRlIjo1NDAwMDAwMDAwMDAwfX0=",
          "dependencies": [
            "data.hcloud_ssh_key.existing_key",
            "hcloud_network.k8s_network",
            "hcloud_network_subnet.k8s_subnet"
          ]
        }
      ]
    },
    {
      "mode": "managed",
      "type": "hcloud_server",
      "name": "worker_node_1",
      "provider": "provider[\"registry.terraform.io/hetznercloud/hcloud\"]",
      "instances": [
        {
          "schema_version": 0,
          "attributes": {
            "allow_deprecated_images": false,
            "backup_window": "",
            "backups": false,
            "datacenter": "nbg1-dc3",
            "delete_protection": false,
            "firewall_ids": [],
            "id": "113819383",
            "ignore_remote_firewall_ids": false,
            "image": "ubuntu-24.04",
            "ipv4_address": "46.224.57.3",
            "ipv6_address": "2a01:4f8:1c1c:afa7::1",
            "ipv6_network": "2a01:4f8:1c1c:afa7::/64",
            "iso": null,
            "keep_disk": false,
            "labels": {
              "role": "worker"
            },
            "location": "nbg1",
            "name": "VM2-worker1-Nexus-Prometheus-Grafana",
            "network": [
              {
                "alias_ips": [],
                "ip": "10.0.1.11",
                "mac_address": "86:00:00:90:a2:de",
                "network_id": 11672177
              }
            ],
            "placement_group_id": 0,
            "primary_disk_size": 40,
            "public_net": [],
            "rebuild_protection": false,
            "rescue": null,
            "server_type": "cx23",
            "shutdown_before_deletion": false,
            "ssh_keys": [
              "104050473"
            ],
            "status": "running",
            "timeouts": null,
            "user_data": "tw1L2hYHuH/eVGOsm4tQ5rlBoZ8="
          },
          "sensitive_attributes": [],
          "identity_schema_version": 0,
          "private": "eyJlMmJmYjczMC1lY2FhLTExZTYtOGY4OC0zNDM2M2JjN2M0YzAiOnsiY3JlYXRlIjo1NDAwMDAwMDAwMDAwfX0=",
          "dependencies": [
            "data.hcloud_ssh_key.existing_key",
            "hcloud_network.k8s_network",
            "hcloud_network_subnet.k8s_subnet"
          ]
        }
      ]
    },
    {
      "mode": "managed",
      "type": "hcloud_server",
      "name": "worker_node_2",
      "provider": "provider[\"registry.terraform.io/hetznercloud/hcloud\"]",
      "instances": [
        {
          "schema_version": 0,
          "attributes": {
            "allow_deprecated_images": false,
            "backup_window": "",
            "backups": false,
            "datacenter": "nbg1-dc3",
            "delete_protection": false,
            "firewall_ids": [],
            "id": "113819382",
            "ignore_remote_firewall_ids": false,
            "image": "ubuntu-24.04",
            "ipv4_address": "91.99.227.127",
            "ipv6_address": "2a01:4f8:c0c:6075::1",
            "ipv6_network": "2a01:4f8:c0c:6075::/64",
            "iso": null,
            "keep_disk": false,
            "labels": {
              "role": "worker"
            },
            "location": "nbg1",
            "name": "VM3-worker2-SonarQube",
            "network": [
              {
                "alias_ips": [],
                "ip": "10.0.1.12",
                "mac_address": "86:00:00:90:a2:dc",
                "network_id": 11672177
              }
            ],
            "placement_group_id": 0,
            "primary_disk_size": 40,
            "public_net": [],
            "rebuild_protection": false,
            "rescue": null,
            "server_type": "cx23",
            "shutdown_before_deletion": false,
            "ssh_keys": [
              "104050473"
            ],
            "status": "running",
            "timeouts": null,
            "user_data": "tw1L2hYHuH/eVGOsm4tQ5rlBoZ8="
          },
          "sensitive_attributes": [],
          "identity_schema_version": 0,
          "private": "eyJlMmJmYjczMC1lY2FhLTExZTYtOGY4OC0zNDM2M2JjN2M0YzAiOnsiY3JlYXRlIjo1NDAwMDAwMDAwMDAwfX0=",
          "dependencies": [
            "data.hcloud_ssh_key.existing_key",
            "hcloud_network.k8s_network",
            "hcloud_network_subnet.k8s_subnet"
          ]
        }
      ]
    },
    {
      "mode": "managed",
      "type": "local_file",
      "name": "ansible_inventory",
      "provider": "provider[\"registry.terraform.io/hashicorp/local\"]",
      "instances": [
        {
          "schema_version": 0,
          "attributes": {
            "content": "all:\n  hosts:\n    91.98.117.63:\n    46.224.57.3:\n    91.99.227.127:\n  children:\n    control_plane:\n      hosts:\n        91.98.117.63:\n    workers:\n      hosts:\n        46.224.57.3:\n        91.99.227.127:\n  vars:\n    ansible_user: root\n    ansible_ssh_private_key_file: ~/.ssh/id_rsa\n    ansible_ssh_common_args: '-o StrictHostKeyChecking=no'",
            "content_base64": null,
            "content_base64sha256": "nJ8kJG4UzLCVjEV05XmlLqvboheWsTTP6yV/33i0iyY=",
            "content_base64sha512": "JEA8BZGGnkZyIhutQWvbmwqvv4QmgwJOV6qyd0H8rS78tGenAX6cql/TjjqCo02MkVAfM4diE1A5yJakSVL19Q==",
            "content_md5": "e1a60592794473eba9e0e8057713109b",
            "content_sha1": "cb44077fcee8f18afbb58882bcc3a613ccb5386e",
            "content_sha256": "9c9f24246e14ccb0958c4574e579a52eabdba21796b134cfeb257fdf78b48b26",
            "content_sha512": "24403c0591869e4672221bad416bdb9b0aafbf842683024e57aab27741fcad2efcb467a7017e9caa5fd38e3a82a34d8c91501f338762135039c896a44952f5f5",
            "directory_permission": "0777",
            "file_permission": "0777",
            "filename": "../ansible/inventory.yml",
            "id": "cb44077fcee8f18afbb58882bcc3a613ccb5386e",
            "sensitive_content": null,
            "source": null
          },
          "sensitive_attributes": [
            [
              {
                "type": "get_attr",
                "value": "sensitive_content"
              }
            ]
          ],
          "identity_schema_version": 0,
          "dependencies": [
            "data.hcloud_ssh_key.existing_key",
            "hcloud_network.k8s_network",
            "hcloud_network_subnet.k8s_subnet",
            "hcloud_server.control_plane",
            "hcloud_server.worker_node_1",
            "hcloud_server.worker_node_2"
          ]
        }
      ]
    }
  ],
  "check_results": null
}
